Microsoft Visual Studio Solution File, Format Version 1.00
Project("{66355F20-A65B-11D0-BFB5-00A0C91EBFA0}") = "jswTrans", "jswTrans.vjp", "{2B6936B0-E883-11D3-9058-00C04FF04193}"
EndProject
Global
	GlobalSection(LocalDeployment) = postSolution
		StartupProject = {2B6936B0-E883-11D3-9058-00C04FF04193}
	EndGlobalSection
	GlobalSection(BuildOrder) = postSolution
		0 = {2B6936B0-E883-11D3-9058-00C04FF04193}
	EndGlobalSection
	GlobalSection(DeploymentRoot) = postSolution
	EndGlobalSection
EndGlobal
